// !$*UTF8*$!
{
	archiveVersion = 1;
	classes = {
	};
	objectVersion = 50;
	objects = {

/* Begin PBXBuildFile section */
		DCFDEA79226945FE002A6F83 /* main.swift in Sources */ = {isa = PBXBuildFile; fileRef = DCFDEA78226945FE002A6F83 /* main.swift */; };
		DCFDEA8322694681002A6F83 /* REPL.swift in Sources */ = {isa = PBXBuildFile; fileRef = DCFDEA8022694681002A6F83 /* REPL.swift */; };
		DCFDEA8422694681002A6F83 /* SwiftLispCommandLine.swift in Sources */ = {isa = PBXBuildFile; fileRef = DCFDEA8122694681002A6F83 /* SwiftLispCommandLine.swift */; };
		DCFDEA87226946BD002A6F83 /* libedit.tbd in Frameworks */ = {isa = PBXBuildFile; fileRef = DCFDEA86226946BD002A6F83 /* libedit.tbd */; };
/* End PBXBuildFile section */

/* Begin PBXCopyFilesBuildPhase section */
		DCFDEA73226945FE002A6F83 /* CopyFiles */ = {
			isa = PBXCopyFilesBuildPhase;
			buildActionMask = 2147483647;
			dstPath = /usr/share/man/man1/;
			dstSubfolderSpec = 0;
			files = (
			);
			runOnlyForDeploymentPostprocessing = 1;
		};
/* End PBXCopyFilesBuildPhase section */

/* Begin PBXFileReference section */
		DCFDEA75226945FE002A6F83 /* SwiftLisp */ = {isa = PBXFileReference; explicitFileType = "compiled.mach-o.executable"; includeInIndex = 0; path = SwiftLisp; sourceTree = BUILT_PRODUCTS_DIR; };
		DCFDEA78226945FE002A6F83 /* main.swift */ = {isa = PBXFileReference; lastKnownFileType = sourcecode.swift; path = main.swift; sourceTree = "<group>"; };
		DCFDEA8022694681002A6F83 /* REPL.swift */ = {isa = PBXFileReference; fileEncoding = 4; lastKnownFileType = sourcecode.swift; path = REPL.swift; sourceTree = "<group>"; };
		DCFDEA8122694681002A6F83 /* SwiftLispCommandLine.swift */ = {isa = PBXFileReference; fileEncoding = 4; lastKnownFileType = sourcecode.swift; path = SwiftLispCommandLine.swift; sourceTree = "<group>"; };
		DCFDEA8222694681002A6F83 /* SwiftLispBridgingHeader.h */ = {isa = PBXFileReference; fileEncoding = 4; lastKnownFileType = sourcecode.c.h; path = SwiftLispBridgingHeader.h; sourceTree = "<group>"; };
		DCFDEA86226946BD002A6F83 /* libedit.tbd */ = {isa = PBXFileReference; lastKnownFileType = "sourcecode.text-based-dylib-definition"; name = libedit.tbd; path = usr/lib/libedit.tbd; sourceTree = SDKROOT; };
/* End PBXFileReference section */

/* Begin PBXFrameworksBuildPhase section */
		DCFDEA72226945FE002A6F83 /* Frameworks */ = {
			isa = PBXFrameworksBuildPhase;
			buildActionMask = 2147483647;
			files = (
				DCFDEA87226946BD002A6F83 /* libedit.tbd in Frameworks */,
			);
			runOnlyForDeploymentPostprocessing = 0;
		};
/* End PBXFrameworksBuildPhase section */

/* Begin PBXGroup section */
		DCFDEA6C226945FE002A6F83 = {
			isa = PBXGroup;
			children = (
				DCFDEA77226945FE002A6F83 /* SwiftLisp */,
				DCFDEA7F22694645002A6F83 /* SwiftLispKit */,
				DCFDEA76226945FE002A6F83 /* Products */,
				DCFDEA85226946BD002A6F83 /* Frameworks */,
			);
			sourceTree = "<group>";
		};
		DCFDEA76226945FE002A6F83 /* Products */ = {
			isa = PBXGroup;
			children = (
				DCFDEA75226945FE002A6F83 /* SwiftLisp */,
			);
			name = Products;
			sourceTree = "<group>";
		};
		DCFDEA77226945FE002A6F83 /* SwiftLisp */ = {
			isa = PBXGroup;
			children = (
				DCFDEA78226945FE002A6F83 /* main.swift */,
			);
			path = SwiftLisp;
			sourceTree = "<group>";
		};
		DCFDEA7F22694645002A6F83 /* SwiftLispKit */ = {
			isa = PBXGroup;
			children = (
				DCFDEA8022694681002A6F83 /* REPL.swift */,
				DCFDEA8222694681002A6F83 /* SwiftLispBridgingHeader.h */,
				DCFDEA8122694681002A6F83 /* SwiftLispCommandLine.swift */,
			);
			path = SwiftLispKit;
			sourceTree = "<group>";
		};
		DCFDEA85226946BD002A6F83 /* Frameworks */ = {
			isa = PBXGroup;
			children = (
				DCFDEA86226946BD002A6F83 /* libedit.tbd */,
			);
			name = Frameworks;
			sourceTree = "<group>";
		};
/* End PBXGroup section */

/* Begin PBXNativeTarget section */
		DCFDEA74226945FE002A6F83 /* SwiftLisp */ = {
			isa = PBXNativeTarget;
			buildConfigurationList = DCFDEA7C226945FE002A6F83 /* Build configuration list for PBXNativeTarget "SwiftLisp" */;
			buildPhases = (
				DCFDEA71226945FE002A6F83 /* Sources */,
				DCFDEA72226945FE002A6F83 /* Frameworks */,
				DCFDEA73226945FE002A6F83 /* CopyFiles */,
			);
			buildRules = (
			);
			dependencies = (
			);
			name = SwiftLisp;
			productName = SwiftLisp;
			productReference = DCFDEA75226945FE002A6F83 /* SwiftLisp */;
			productType = "com.apple.product-type.tool";
		};
/* End PBXNativeTarget section */

/* Begin PBXProject section */
		DCFDEA6D226945FE002A6F83 /* Project object */ = {
			isa = PBXProject;
			attributes = {
				LastSwiftUpdateCheck = 1020;
				LastUpgradeCheck = 1020;
				ORGANIZATIONNAME = infiniteNIL;
				TargetAttributes = {
					DCFDEA74226945FE002A6F83 = {
						CreatedOnToolsVersion = 10.2.1;
					};
				};
			};
			buildConfigurationList = DCFDEA70226945FE002A6F83 /* Build configuration list for PBXProject "SwiftLisp" */;
			compatibilityVersion = "Xcode 9.3";
			developmentRegion = en;
			hasScannedForEncodings = 0;
			knownRegions = (
				en,
			);
			mainGroup = DCFDEA6C226945FE002A6F83;
			productRefGroup = DCFDEA76226945FE002A6F83 /* Products */;
			projectDirPath = "";
			projectRoot = "";
			targets = (
				DCFDEA74226945FE002A6F83 /* SwiftLisp */,
			);
		};
/* End PBXProject section */

/* Begin PBXSourcesBuildPhase section */
		DCFDEA71226945FE002A6F83 /* Sources */ = {
			isa = PBXSourcesBuildPhase;
			buildActionMask = 2147483647;
			files = (
				DCFDEA8322694681002A6F83 /* REPL.swift in Sources */,
				DCFDEA8422694681002A6F83 /* SwiftLispCommandLine.swift in Sources */,
				DCFDEA79226945FE002A6F83 /* main.swift in Sources */,
			);
			runOnlyForDeploymentPostprocessing = 0;
		};
/* End PBXSourcesBuildPhase section */

/* Begin XCBuildConfiguration section */
		DCFDEA7A226945FE002A6F83 /* Debug */ = {
			isa = XCBuildConfiguration;
			buildSettings = {
				ALWAYS_SEARCH_USER_PATHS = NO;
				CLANG_ANALYZER_NONNULL = YES;
				CLANG_ANALYZER_NUMBER_OBJECT_CONVERSION = YES_AGGRESSIVE;
				CLANG_CXX_LANGUAGE_STANDARD = "gnu++14";
				CLANG_CXX_LIBRARY = "libc++";
				CLANG_ENABLE_MODULES = YES;
				CLANG_ENABLE_OBJC_ARC = YES;
				CLANG_ENABLE_OBJC_WEAK = YES;
				CLANG_WARN_BLOCK_CAPTURE_AUTORELEASING = YES;
				CLANG_WARN_BOOL_CONVERSION = YES;
				CLANG_WARN_COMMA = YES;
				CLANG_WARN_CONSTANT_CONVERSION = YES;
				CLANG_WARN_DEPRECATED_OBJC_IMPLEMENTATIONS = YES;
				CLANG_WARN_DIRECT_OBJC_ISA_USAGE = YES_ERROR;
				CLANG_WARN_DOCUMENTATION_COMMENTS = YES;
				CLANG_WARN_EMPTY_BODY = YES;
				CLANG_WARN_ENUM_CONVERSION = YES;
				CLANG_WARN_INFINITE_RECURSION = YES;
				CLANG_WARN_INT_CONVERSION = YES;
				CLANG_WARN_NON_LITERAL_NULL_CONVERSION = YES;
				CLANG_WARN_OBJC_IMPLICIT_RETAIN_SELF = YES;
				CLANG_WARN_OBJC_LITERAL_CONVERSION = YES;
				CLANG_WARN_OBJC_ROOT_CLASS = YES_ERROR;
				CLANG_WARN_RANGE_LOOP_ANALYSIS = YES;
				CLANG_WARN_STRICT_PROTOTYPES = YES;
				CLANG_WARN_SUSPICIOUS_MOVE = YES;
				CLANG_WARN_UNGUARDED_AVAILABILITY = YES_AGGRESSIVE;
				CLANG_WARN_UNREACHABLE_CODE = YES;
				CLANG_WARN__DUPLICATE_METHOD_MATCH = YES;
				CODE_SIGN_IDENTITY = "-";
				COPY_PHASE_STRIP = NO;
				DEBUG_INFORMATION_FORMAT = dwarf;
				ENABLE_STRICT_OBJC_MSGSEND = YES;
				ENABLE_TESTABILITY = YES;
				GCC_C_LANGUAGE_STANDARD = gnu11;
				GCC_DYNAMIC_NO_PIC = NO;
				GCC_NO_COMMON_BLOCKS = YES;
				GCC_OPTIMIZATION_LEVEL = 0;
				GCC_PREPROCESSOR_DEFINITIONS = (
					"DEBUG=1",
					"$(inherited)",
				);
				GCC_WARN_64_TO_32_BIT_CONVERSION = YES;
				GCC_WARN_ABOUT_RETURN_TYPE = YES_ERROR;
				GCC_WARN_UNDECLARED_SELECTOR = YES;
				GCC_WARN_UNINITIALIZED_AUTOS = YES_AGGRESSIVE;
				GCC_WARN_UNUSED_FUNCTION = YES;
				GCC_WARN_UNUSED_VARIABLE = YES;
				MACOSX_DEPLOYMENT_TARGET = 10.14;
				MTL_ENABLE_DEBUG_INFO = INCLUDE_SOURCE;
				MTL_FAST_MATH = YES;
				ONLY_ACTIVE_ARCH = YES;
				SDKROOT = macosx;
				SWIFT_ACTIVE_COMPILATION_CONDITIONS = DEBUG;
				SWIFT_OPTIMIZATION_LEVEL = "-Onone";
			};
			name = Debug;
		};
		DCFDEA7B226945FE002A6F83 /* Release */ = {
			isa = XCBuildConfiguration;
			buildSettings = {
				ALWAYS_SEARCH_USER_PATHS = NO;
				CLANG_ANALYZER_NONNULL = YES;
				CLANG_ANALYZER_NUMBER_OBJECT_CONVERSION = YES_AGGRESSIVE;
				CLANG_CXX_LANGUAGE_STANDARD = "gnu++14";
				CLANG_CXX_LIBRARY = "libc++";
				CLANG_ENABLE_MODULES = YES;
				CLANG_ENABLE_OBJC_ARC = YES;
				CLANG_ENABLE_OBJC_WEAK = YES;
				CLANG_WARN_BLOCK_CAPTURE_AUTORELEASING = YES;
				CLANG_WARN_BOOL_CONVERSION = YES;
				CLANG_WARN_COMMA = YES;
				CLANG_WARN_CONSTANT_CONVERSION = YES;
				CLANG_WARN_DEPRECATED_OBJC_IMPLEMENTATIONS = YES;
				CLANG_WARN_DIRECT_OBJC_ISA_USAGE = YES_ERROR;
				CLANG_WARN_DOCUMENTATION_COMMENTS = YES;
				CLANG_WARN_EMPTY_BODY = YES;
				CLANG_WARN_ENUM_CONVERSION = YES;
				CLANG_WARN_INFINITE_RECURSION = YES;
				CLANG_WARN_INT_CONVERSION = YES;
				CLANG_WARN_NON_LITERAL_NULL_CONVERSION = YES;
				CLANG_WARN_OBJC_IMPLICIT_RETAIN_SELF = YES;
				CLANG_WARN_OBJC_LITERAL_CONVERSION = YES;
				CLANG_WARN_OBJC_ROOT_CLASS = YES_ERROR;
				CLANG_WARN_RANGE_LOOP_ANALYSIS = YES;
				CLANG_WARN_STRICT_PROTOTYPES = YES;
				CLANG_WARN_SUSPICIOUS_MOVE = YES;
				CLANG_WARN_UNGUARDED_AVAILABILITY = YES_AGGRESSIVE;
				CLANG_WARN_UNREACHABLE_CODE = YES;
				CLANG_WARN__DUPLICATE_METHOD_MATCH = YES;
				CODE_SIGN_IDENTITY = "-";
				COPY_PHASE_STRIP = NO;
				DEBUG_INFORMATION_FORMAT = "dwarf-with-dsym";
				ENABLE_NS_ASSERTIONS = NO;
				ENABLE_STRICT_OBJC_MSGSEND = YES;
				GCC_C_LANGUAGE_STANDARD = gnu11;
				GCC_NO_COMMON_BLOCKS = YES;
				GCC_WARN_64_TO_32_BIT_CONVERSION = YES;
				GCC_WARN_ABOUT_RETURN_TYPE = YES_ERROR;
				GCC_WARN_UNDECLARED_SELECTOR = YES;
				GCC_WARN_UNINITIALIZED_AUTOS = YES_AGGRESSIVE;
				GCC_WARN_UNUSED_FUNCTION = YES;
				GCC_WARN_UNUSED_VARIABLE = YES;
				MACOSX_DEPLOYMENT_TARGET = 10.14;
				MTL_ENABLE_DEBUG_INFO = NO;
				MTL_FAST_MATH = YES;
				SDKROOT = macosx;
				SWIFT_COMPILATION_MODE = wholemodule;
				SWIFT_OPTIMIZATION_LEVEL = "-O";
			};
			name = Release;
		};
		DCFDEA7D226945FE002A6F83 /* Debug */ = {
			isa = XCBuildConfiguration;
			buildSettings = {
				CODE_SIGN_STYLE = Automatic;
				PRODUCT_NAME = "$(TARGET_NAME)";
				SWIFT_OBJC_BRIDGING_HEADER = SwiftLispKit/SwiftLispBridgingHeader.h;
				SWIFT_VERSION = 5.0;
			};
			name = Debug;
		};
		DCFDEA7E226945FE002A6F83 /* Release */ = {
			isa = XCBuildConfiguration;
			buildSettings = {
				CODE_SIGN_STYLE = Automatic;
				PRODUCT_NAME = "$(TARGET_NAME)";
				SWIFT_OBJC_BRIDGING_HEADER = SwiftLispKit/SwiftLispBridgingHeader.h;
				SWIFT_VERSION = 5.0;
			};
			name = Release;
		};
/* End XCBuildConfiguration section */

/* Begin XCConfigurationList section */
		DCFDEA70226945FE002A6F83 /* Build configuration list for PBXProject "SwiftLisp" */ = {
			isa = XCConfigurationList;
			buildConfigurations = (
				DCFDEA7A226945FE002A6F83 /* Debug */,
				DCFDEA7B226945FE002A6F83 /* Release */,
			);
			defaultConfigurationIsVisible = 0;
			defaultConfigurationName = Release;
		};
		DCFDEA7C226945FE002A6F83 /* Build configuration list for PBXNativeTarget "SwiftLisp" */ = {
			isa = XCConfigurationList;
			buildConfigurations = (
				DCFDEA7D226945FE002A6F83 /* Debug */,
				DCFDEA7E226945FE002A6F83 /* Release */,
			);
			defaultConfigurationIsVisible = 0;
			defaultConfigurationName = Release;
		};
/* End XCConfigurationList section */
	};
	rootObject = DCFDEA6D226945FE002A6F83 /* Project object */;
}
